# THIS IS AN AUTOGENERATED FILE. DO NOT EDIT THIS FILE DIRECTLY.
# yarn lockfile v1


"@babel/runtime@^7.18.3":
  version "7.18.6"
  resolved "https://registry.yarnpkg.com/@babel/runtime/-/runtime-7.18.6.tgz#6a1ef59f838debd670421f8c7f2cbb8da9751580"
  integrity sha512-t9wi7/AW6XtKahAe20Yw0/mMljKq0B1r2fPdvaAdV/KPDZewFXdaaa6K7lxmZBZ8FBNpCiAT6iHPmd6QO9bKfQ==
  dependencies:
    regenerator-runtime "^0.13.4"

automation-events@^4.0.19:
  version "4.0.19"
  resolved "https://registry.yarnpkg.com/automation-events/-/automation-events-4.0.19.tgz#4358fa5fce8b091b3dcd51e7f52cce6590fc5d48"
  integrity sha512-e8ALmWdXSkDAtDVkmqLcCDMfMMvHcPTwsg+1GsxEO8+Cyg7FQs7F3VKifzdRTADVU6S1aqlPzDE3+KLFsH0sxA==
  dependencies:
    "@babel/runtime" "^7.18.3"
    tslib "^2.4.0"

regenerator-runtime@^0.13.4:
  version "0.13.9"
  resolved "https://registry.yarnpkg.com/regenerator-runtime/-/regenerator-runtime-0.13.9.tgz#8925742a98ffd90814988d7566ad30ca3b263b52"
  integrity sha512-p3VT+cOEgxFsRRA9X4lkI1E+k2/CtnKtU4gcxyaCUreilL/vqI6CdZ3wxVUx3UOUg+gnUOQQcRI7BmSI656MYA==

standardized-audio-context@^25.1.8:
  version "25.3.28"
  resolved "https://registry.yarnpkg.com/standardized-audio-context/-/standardized-audio-context-25.3.28.tgz#c3126486732bb310f18c94d425d732b745d0c310"
  integrity sha512-w3TIDQ2z5iA76A3qFjL/knf45BAwHYAqQmDNlDrlE2El89kFKv43TjiN94N0joiMr7G3CRmO1bOuQ7wopDon9g==
  dependencies:
    "@babel/runtime" "^7.18.3"
    automation-events "^4.0.19"
    tslib "^2.4.0"

tone@^14.7.77:
  version "14.7.77"
  resolved "https://registry.yarnpkg.com/tone/-/tone-14.7.77.tgz#12a2a9f033952ccdb552275a6384ca5d36d4b5ed"
  integrity sha512-tCfK73IkLHyzoKUvGq47gyDyxiKLFvKiVCOobynGgBB9Dl0NkxTM2p+eRJXyCYrjJwy9Y0XCMqD3uOYsYt2Fdg==
  dependencies:
    standardized-audio-context "^25.1.8"
    tslib "^2.0.1"

tonejs-instrument-piano-mp3@^1.1.2:
  version "1.1.2"
  resolved "https://registry.yarnpkg.com/tonejs-instrument-piano-mp3/-/tonejs-instrument-piano-mp3-1.1.2.tgz#3f4072fde6be8790ed16802411cebc6f037de346"
  integrity sha512-5h67cOKqC4XeS13szLcf275SEKLjxcybQiVZwvJjeDsc/44srxIkiSEPv7KqvGltX/uPoTmyAfwMS284nDxjKQ==

tsc@^2.0.4:
  version "2.0.4"
  resolved "https://registry.yarnpkg.com/tsc/-/tsc-2.0.4.tgz#5f6499146abea5dca4420b451fa4f2f9345238f5"
  integrity sha512-fzoSieZI5KKJVBYGvwbVZs/J5za84f2lSTLPYf6AGiIf43tZ3GNrI1QzTLcjtyDDP4aLxd46RTZq1nQxe7+k5Q==

tslib@^2.0.1, tslib@^2.4.0:
  version "2.4.0"
  resolved "https://registry.yarnpkg.com/tslib/-/tslib-2.4.0.tgz#7cecaa7f073ce680a05847aa77be941098f36dc3"
  integrity sha512-d6xOpEDfsi2CZVlPQzGeux8XMwLT9hssAsaPYExaQMuYskwb+x1x7J371tWlbBdWHroy99KnVB6qIkUbs5X3UQ==

typescript@^4.7.4:
  version "4.7.4"
  resolved "https://registry.yarnpkg.com/typescript/-/typescript-4.7.4.tgz#1a88596d1cf47d59507a1bcdfb5b9dfe4d488235"
  integrity sha512-C0WQT0gezHuw6AdY1M2jxUO83Rjf0HP7Sk1DtXj6j1EwkQNZrHAg2XPWlq62oqEhYvONq5pkC2Y9oPljWToLmQ==
